<?xml version="1.0" encoding="utf-8"?>
<Project ToolsVersion="4.0" xmlns="http://schemas.microsoft.com/developer/msbuild/2003">
  <ItemGroup>
    <Filter Include="code">
      <UniqueIdentifier>{0b2988b9-bca4-41e7-9091-4ea717e6e917}</UniqueIdentifier>
    </Filter>
    <Filter Include="code\Renderer">
      <UniqueIdentifier>{4bca7cd9-2d4a-4a5c-9a12-e33d4bccec57}</UniqueIdentifier>
    </Filter>
    <Filter Include="code\Math">
      <UniqueIdentifier>{8d415f0d-e3e0-425c-8174-b422339c44c6}</UniqueIdentifier>
    </Filter>
    <Filter Include="code\Physics">
      <UniqueIdentifier>{1e1d8a30-651e-47bc-a236-2e0d925259c7}</UniqueIdentifier>
    </Filter>
  </ItemGroup>
  <ItemGroup>
    <ClCompile Include="code\main.cpp">
      <Filter>code</Filter>
    </ClCompile>
    <ClCompile Include="code\application.cpp">
      <Filter>code</Filter>
    </ClCompile>
    <ClCompile Include="code\Fileio.cpp">
      <Filter>code</Filter>
    </ClCompile>
    <ClCompile Include="code\Renderer\DeviceContext.cpp">
      <Filter>code\Renderer</Filter>
    </ClCompile>
    <ClCompile Include="code\Renderer\model.cpp">
      <Filter>code\Renderer</Filter>
    </ClCompile>
    <ClCompile Include="code\Renderer\shader.cpp">
      <Filter>code\Renderer</Filter>
    </ClCompile>
    <ClCompile Include="code\Math\Bounds.cpp">
      <Filter>code\Math</Filter>
    </ClCompile>
    <ClCompile Include="code\Renderer\FrameBuffer.cpp">
      <Filter>code\Renderer</Filter>
    </ClCompile>
    <ClCompile Include="code\Renderer\Image.cpp">
      <Filter>code\Renderer</Filter>
    </ClCompile>
    <ClCompile Include="code\Renderer\SwapChain.cpp">
      <Filter>code\Renderer</Filter>
    </ClCompile>
    <ClCompile Include="code\Renderer\Pipeline.cpp">
      <Filter>code\Renderer</Filter>
    </ClCompile>
    <ClCompile Include="code\Renderer\Descriptor.cpp">
      <Filter>code\Renderer</Filter>
    </ClCompile>
    <ClCompile Include="code\Renderer\Samplers.cpp">
      <Filter>code\Renderer</Filter>
    </ClCompile>
    <ClCompile Include="code\Renderer\Buffer.cpp">
      <Filter>code\Renderer</Filter>
    </ClCompile>
    <ClCompile Include="code\Renderer\OffscreenRenderer.cpp">
      <Filter>code\Renderer</Filter>
    </ClCompile>
    <ClCompile Include="code\Renderer\Fence.cpp">
      <Filter>code\Renderer</Filter>
    </ClCompile>
    <ClCompile Include="code\Scene.cpp">
      <Filter>code</Filter>
    </ClCompile>
    <ClCompile Include="code\Math\LCP.cpp">
      <Filter>code\Math</Filter>
    </ClCompile>
    <ClCompile Include="Body.cpp">
      <Filter>code\Physics</Filter>
    </ClCompile>
    <ClCompile Include="Intersections.cpp">
      <Filter>code\Physics</Filter>
    </ClCompile>
    <ClCompile Include="Contact.cpp">
      <Filter>code\Physics</Filter>
    </ClCompile>
    <ClCompile Include="Shape.cpp" />
    <ClCompile Include="Broadphase.cpp">
      <Filter>code\Physics</Filter>
    </ClCompile>
  </ItemGroup>
  <ItemGroup>
    <ClInclude Include="code\application.h">
      <Filter>code</Filter>
    </ClInclude>
    <ClInclude Include="code\Fileio.h">
      <Filter>code</Filter>
    </ClInclude>
    <ClInclude Include="code\Renderer\DeviceContext.h">
      <Filter>code\Renderer</Filter>
    </ClInclude>
    <ClInclude Include="code\Math\Vector.h">
      <Filter>code\Math</Filter>
    </ClInclude>
    <ClInclude Include="code\Renderer\model.h">
      <Filter>code\Renderer</Filter>
    </ClInclude>
    <ClInclude Include="code\Renderer\shader.h">
      <Filter>code\Renderer</Filter>
    </ClInclude>
    <ClInclude Include="code\Math\Quat.h">
      <Filter>code\Math</Filter>
    </ClInclude>
    <ClInclude Include="code\Math\Matrix.h">
      <Filter>code\Math</Filter>
    </ClInclude>
    <ClInclude Include="code\Math\Bounds.h">
      <Filter>code\Math</Filter>
    </ClInclude>
    <ClInclude Include="code\Renderer\FrameBuffer.h">
      <Filter>code\Renderer</Filter>
    </ClInclude>
    <ClInclude Include="code\Renderer\Image.h">
      <Filter>code\Renderer</Filter>
    </ClInclude>
    <ClInclude Include="code\Renderer\SwapChain.h">
      <Filter>code\Renderer</Filter>
    </ClInclude>
    <ClInclude Include="code\Renderer\Pipeline.h">
      <Filter>code\Renderer</Filter>
    </ClInclude>
    <ClInclude Include="code\Renderer\Descriptor.h">
      <Filter>code\Renderer</Filter>
    </ClInclude>
    <ClInclude Include="code\Renderer\Samplers.h">
      <Filter>code\Renderer</Filter>
    </ClInclude>
    <ClInclude Include="code\Renderer\Buffer.h">
      <Filter>code\Renderer</Filter>
    </ClInclude>
    <ClInclude Include="code\Renderer\OffscreenRenderer.h">
      <Filter>code\Renderer</Filter>
    </ClInclude>
    <ClInclude Include="code\Renderer\Fence.h">
      <Filter>code\Renderer</Filter>
    </ClInclude>
    <ClInclude Include="code\Scene.h">
      <Filter>code</Filter>
    </ClInclude>
    <ClInclude Include="code\Math\LCP.h">
      <Filter>code\Math</Filter>
    </ClInclude>
    <ClInclude Include="Body.h">
      <Filter>code\Physics</Filter>
    </ClInclude>
    <ClInclude Include="Shape.h">
      <Filter>code\Physics</Filter>
    </ClInclude>
    <ClInclude Include="Intersections.h">
      <Filter>code\Physics</Filter>
    </ClInclude>
    <ClInclude Include="Contact.h">
      <Filter>code\Physics</Filter>
    </ClInclude>
    <ClInclude Include="Broadphase.h">
      <Filter>code\Physics</Filter>
    </ClInclude>
  </ItemGroup>
</Project>